
Microsoft Visual Studio Solution File, Format Version 12.00
# Visual Studio Version 17
VisualStudioVersion = 17.8.34330.188
MinimumVisualStudioVersion = 10.0.40219.1
Project("{9A19103F-16F7-4668-BE54-9A1E7A4F7556}") = "Logic", "Logic\Logic.csproj", "{43B2B5FD-CA11-4747-B4E5-0C73041B9A3E}"
EndProject
Project("{9A19103F-16F7-4668-BE54-9A1E7A4F7556}") = "DAL", "DAL\DAL.csproj", "{A86A01F9-FDA9-438B-B276-4696C077A1B6}"
EndProject
Project("{9A19103F-16F7-4668-BE54-9A1E7A4F7556}") = "MarketApi", "MarketApi\MarketApi.csproj", "{D597431A-DFAB-48A6-8189-6C21200CB81F}"
EndProject
Global
	GlobalSection(SolutionConfigurationPlatforms) = preSolution
		Debug|Any CPU = Debug|Any CPU
		Release|Any CPU = Release|Any CPU
	EndGlobalSection
	GlobalSection(ProjectConfigurationPlatforms) = postSolution
		{43B2B5FD-CA11-4747-B4E5-0C73041B9A3E}.Debug|Any CPU.ActiveCfg = Debug|Any CPU
		{43B2B5FD-CA11-4747-B4E5-0C73041B9A3E}.Debug|Any CPU.Build.0 = Debug|Any CPU
		{43B2B5FD-CA11-4747-B4E5-0C73041B9A3E}.Release|Any CPU.ActiveCfg = Release|Any CPU
		{43B2B5FD-CA11-4747-B4E5-0C73041B9A3E}.Release|Any CPU.Build.0 = Release|Any CPU
		{A86A01F9-FDA9-438B-B276-4696C077A1B6}.Debug|Any CPU.ActiveCfg = Debug|Any CPU
		{A86A01F9-FDA9-438B-B276-4696C077A1B6}.Debug|Any CPU.Build.0 = Debug|Any CPU
		{A86A01F9-FDA9-438B-B276-4696C077A1B6}.Release|Any CPU.ActiveCfg = Release|Any CPU
		{A86A01F9-FDA9-438B-B276-4696C077A1B6}.Release|Any CPU.Build.0 = Release|Any CPU
		{D597431A-DFAB-48A6-8189-6C21200CB81F}.Debug|Any CPU.ActiveCfg = Debug|Any CPU
		{D597431A-DFAB-48A6-8189-6C21200CB81F}.Debug|Any CPU.Build.0 = Debug|Any CPU
		{D597431A-DFAB-48A6-8189-6C21200CB81F}.Release|Any CPU.ActiveCfg = Release|Any CPU
		{D597431A-DFAB-48A6-8189-6C21200CB81F}.Release|Any CPU.Build.0 = Release|Any CPU
	EndGlobalSection
	GlobalSection(SolutionProperties) = preSolution
		HideSolutionNode = FALSE
	EndGlobalSection
	GlobalSection(ExtensibilityGlobals) = postSolution
		SolutionGuid = {7D631592-2135-4FF3-BCF1-597610C58FD1}
	EndGlobalSection
EndGlobal
